
Microsoft Visual Studio Solution File, Format Version 12.00
# Visual Studio Version 16
VisualStudioVersion = 16.0.29519.181
MinimumVisualStudioVersion = 10.0.40219.1
Project("{8BC9CEB8-8B4A-11D0-8D11-00A0C91BC942}") = "GLUTTON - Obżartuchy", "GLUTTON - Obżartuchy.vcxproj", "{80773A85-A623-46E3-95B2-22CA0D18CFBE}"
EndProject
Global
	GlobalSection(SolutionConfigurationPlatforms) = preSolution
		Debug|x64 = Debug|x64
		Debug|x86 = Debug|x86
		Release|x64 = Release|x64
		Release|x86 = Release|x86
	EndGlobalSection
	GlobalSection(ProjectConfigurationPlatforms) = postSolution
		{80773A85-A623-46E3-95B2-22CA0D18CFBE}.Debug|x64.ActiveCfg = Debug|x64
		{80773A85-A623-46E3-95B2-22CA0D18CFBE}.Debug|x64.Build.0 = Debug|x64
		{80773A85-A623-46E3-95B2-22CA0D18CFBE}.Debug|x86.ActiveCfg = Debug|Win32
		{80773A85-A623-46E3-95B2-22CA0D18CFBE}.Debug|x86.Build.0 = Debug|Win32
		{80773A85-A623-46E3-95B2-22CA0D18CFBE}.Release|x64.ActiveCfg = Release|x64
		{80773A85-A623-46E3-95B2-22CA0D18CFBE}.Release|x64.Build.0 = Release|x64
		{80773A85-A623-46E3-95B2-22CA0D18CFBE}.Release|x86.ActiveCfg = Release|Win32
		{80773A85-A623-46E3-95B2-22CA0D18CFBE}.Release|x86.Build.0 = Release|Win32
	EndGlobalSection
	GlobalSection(SolutionProperties) = preSolution
		HideSolutionNode = FALSE
	EndGlobalSection
	GlobalSection(ExtensibilityGlobals) = postSolution
		SolutionGuid = {D01C5E82-EC5E-4288-9531-C6A6D7283042}
	EndGlobalSection
EndGlobal
